Microsoft Visual Studio Solution File, Format Version 10.00
# Visual C# Express 2008
Project("{FAE04EC0-301F-11D3-BF4B-00C04F79EFBC}") = "omvviewer-light", "omvviewer-light\omvviewer-light.csproj", "{F59E711D-2669-4BC6-ACA4-2F7E9B8EDD0E}"
	ProjectSection(ProjectDependencies) = postProject
		{D7DBC75C-26AF-4FB8-AAFA-6F43901712CA} = {D7DBC75C-26AF-4FB8-AAFA-6F43901712CA}
	EndProjectSection
EndProject
Project("{FAE04EC0-301F-11D3-BF4B-00C04F79EFBC}") = "OpenMetaverse", "libomv\OpenMetaverse\OpenMetaverse.csproj", "{D7DBC75C-26AF-4FB8-AAFA-6F43901712CA}"
EndProject
Project("{FAE04EC0-301F-11D3-BF4B-00C04F79EFBC}") = "OpenMetaverse.Http", "libomv\OpenMetaverse.Http\OpenMetaverse.Http.csproj", "{085F646E-B306-4DA8-9092-FFEE7717146F}"
EndProject
Project("{FAE04EC0-301F-11D3-BF4B-00C04F79EFBC}") = "OpenMetaverseTypes", "libomv\OpenMetaverseTypes\OpenMetaverseTypes.csproj", "{324CD9AB-535D-4780-A65D-34DC94D06BE1}"
EndProject
Project("{FAE04EC0-301F-11D3-BF4B-00C04F79EFBC}") = "HttpServer", "libomv\HttpServer\HttpServer.csproj", "{455E7D70-1C85-4D7F-9F01-DC801B8B8C34}"
EndProject
Project("{FAE04EC0-301F-11D3-BF4B-00C04F79EFBC}") = "OpenMetaverse.StructuredData", "libomv\OpenMetaverse.StructuredData\OpenMetaverse.StructuredData.csproj", "{C35D2962-1ED7-4503-BD28-EC9A1AF3036A}"
EndProject
Global
	GlobalSection(SolutionConfigurationPlatforms) = preSolution
		Debug|Any CPU = Debug|Any CPU
		Release|Any CPU = Release|Any CPU
	EndGlobalSection
	GlobalSection(ProjectConfigurationPlatforms) = postSolution
		{F59E711D-2669-4BC6-ACA4-2F7E9B8EDD0E}.Debug|Any CPU.ActiveCfg = Debug|Any CPU
		{F59E711D-2669-4BC6-ACA4-2F7E9B8EDD0E}.Debug|Any CPU.Build.0 = Debug|Any CPU
		{F59E711D-2669-4BC6-ACA4-2F7E9B8EDD0E}.Release|Any CPU.ActiveCfg = Release|Any CPU
		{F59E711D-2669-4BC6-ACA4-2F7E9B8EDD0E}.Release|Any CPU.Build.0 = Release|Any CPU
		{D7DBC75C-26AF-4FB8-AAFA-6F43901712CA}.Debug|Any CPU.ActiveCfg = Debug|Any CPU
		{D7DBC75C-26AF-4FB8-AAFA-6F43901712CA}.Debug|Any CPU.Build.0 = Debug|Any CPU
		{D7DBC75C-26AF-4FB8-AAFA-6F43901712CA}.Release|Any CPU.ActiveCfg = Release|Any CPU
		{D7DBC75C-26AF-4FB8-AAFA-6F43901712CA}.Release|Any CPU.Build.0 = Release|Any CPU
		{085F646E-B306-4DA8-9092-FFEE7717146F}.Debug|Any CPU.ActiveCfg = Debug|Any CPU
		{085F646E-B306-4DA8-9092-FFEE7717146F}.Debug|Any CPU.Build.0 = Debug|Any CPU
		{085F646E-B306-4DA8-9092-FFEE7717146F}.Release|Any CPU.ActiveCfg = Release|Any CPU
		{085F646E-B306-4DA8-9092-FFEE7717146F}.Release|Any CPU.Build.0 = Release|Any CPU
		{324CD9AB-535D-4780-A65D-34DC94D06BE1}.Debug|Any CPU.ActiveCfg = Debug|Any CPU
		{324CD9AB-535D-4780-A65D-34DC94D06BE1}.Debug|Any CPU.Build.0 = Debug|Any CPU
		{324CD9AB-535D-4780-A65D-34DC94D06BE1}.Release|Any CPU.ActiveCfg = Release|Any CPU
		{324CD9AB-535D-4780-A65D-34DC94D06BE1}.Release|Any CPU.Build.0 = Release|Any CPU
		{455E7D70-1C85-4D7F-9F01-DC801B8B8C34}.Debug|Any CPU.ActiveCfg = Debug|Any CPU
		{455E7D70-1C85-4D7F-9F01-DC801B8B8C34}.Debug|Any CPU.Build.0 = Debug|Any CPU
		{455E7D70-1C85-4D7F-9F01-DC801B8B8C34}.Release|Any CPU.ActiveCfg = Release|Any CPU
		{455E7D70-1C85-4D7F-9F01-DC801B8B8C34}.Release|Any CPU.Build.0 = Release|Any CPU
		{C35D2962-1ED7-4503-BD28-EC9A1AF3036A}.Debug|Any CPU.ActiveCfg = Debug|Any CPU
		{C35D2962-1ED7-4503-BD28-EC9A1AF3036A}.Debug|Any CPU.Build.0 = Debug|Any CPU
		{C35D2962-1ED7-4503-BD28-EC9A1AF3036A}.Release|Any CPU.ActiveCfg = Release|Any CPU
		{C35D2962-1ED7-4503-BD28-EC9A1AF3036A}.Release|Any CPU.Build.0 = Release|Any CPU
	EndGlobalSection
	GlobalSection(SolutionProperties) = preSolution
		HideSolutionNode = FALSE
	EndGlobalSection
EndGlobal
