Microsoft Visual Studio Solution File, Format Version 11.00
# Visual Studio 2010
Project("{FAE04EC0-301F-11D3-BF4B-00C04F79EFBC}") = "OpenMetaverse.StructuredData", "../libomv/OpenMetaverse.StructuredData/OpenMetaverse.StructuredData.csproj", "{CE78738A-83F7-4155-9D2A-4645FA3D859F}"
EndProject
Project("{FAE04EC0-301F-11D3-BF4B-00C04F79EFBC}") = "PrimWorkshop", "../libomv/Programs/PrimWorkshop/PrimWorkshop.csproj", "{CF000F5D-276C-4C71-B567-ECDF8B314216}"
EndProject
Project("{FAE04EC0-301F-11D3-BF4B-00C04F79EFBC}") = "CSJ2K", "../libomv/CSJ2K/CSJ2K.csproj", "{6ED91328-63BC-4145-8B46-8E18AB032462}"
EndProject
Project("{FAE04EC0-301F-11D3-BF4B-00C04F79EFBC}") = "importprimscript", "../libomv/Programs/importprimscript/importprimscript.csproj", "{B78FA50D-5F7B-4A28-B598-30046558F66C}"
EndProject
Project("{FAE04EC0-301F-11D3-BF4B-00C04F79EFBC}") = "GridImageUpload", "../libomv/Programs/GridImageUpload/GridImageUpload.csproj", "{BD3FBB59-42A5-4160-907E-6B63B6534A57}"
EndProject
Project("{FAE04EC0-301F-11D3-BF4B-00C04F79EFBC}") = "PacketDump", "../libomv/Programs/examples/PacketDump/PacketDump.csproj", "{2D0B3CDB-387D-4357-8AAB-517496998B52}"
EndProject
Project("{FAE04EC0-301F-11D3-BF4B-00C04F79EFBC}") = "OpenMetaverse.Http", "../libomv/OpenMetaverse.Http/OpenMetaverse.Http.csproj", "{1BB4F693-8DB4-4F8E-ADCA-46A56C908C64}"
EndProject
Project("{FAE04EC0-301F-11D3-BF4B-00C04F79EFBC}") = "groupmanager", "../libomv/Programs/examples/groupmanager/groupmanager.csproj", "{AD8F26C0-7423-4AED-8A27-3DF510CBCFD8}"
EndProject
Project("{FAE04EC0-301F-11D3-BF4B-00C04F79EFBC}") = "IRCGateway", "../libomv/Programs/examples/IRCGateway/IRCGateway.csproj", "{710DC9A1-D08A-49F5-89E1-AE7D68F6B98C}"
EndProject
Project("{FAE04EC0-301F-11D3-BF4B-00C04F79EFBC}") = "GridAccountant", "../libomv/Programs/examples/GridAccountant/GridAccountant.csproj", "{D4B21313-8FCC-413B-BD74-464F6EE92046}"
EndProject
Project("{FAE04EC0-301F-11D3-BF4B-00C04F79EFBC}") = "Dashboard", "../libomv/Programs/examples/Dashboard/Dashboard.csproj", "{338E15EF-83DF-434E-89A5-C657B7293717}"
EndProject
Project("{FAE04EC0-301F-11D3-BF4B-00C04F79EFBC}") = "OpenMetaverse.Rendering.Meshmerizer", "../libomv/OpenMetaverse.Rendering.Meshmerizer/OpenMetaverse.Rendering.Meshmerizer.csproj", "{DD43DB4A-26A5-4A71-9866-15BE642758DE}"
EndProject
Project("{FAE04EC0-301F-11D3-BF4B-00C04F79EFBC}") = "GridProxyApp", "../libomv/Programs/GridProxy/GridProxyApp.csproj", "{A6D14E57-E4BB-4A93-88A7-6EF32EEA2FB3}"
EndProject
Project("{FAE04EC0-301F-11D3-BF4B-00C04F79EFBC}") = "OpenMetaverseTypes", "../libomv/OpenMetaverseTypes/OpenMetaverseTypes.csproj", "{E611FD76-C358-477E-AF29-165839D50529}"
EndProject
Project("{FAE04EC0-301F-11D3-BF4B-00C04F79EFBC}") = "HttpServer", "../libomv/HttpServer/HttpServer.csproj", "{455E7D70-1C85-4D7F-9F01-DC801B8B8C34}"
EndProject
Project("{FAE04EC0-301F-11D3-BF4B-00C04F79EFBC}") = "OpenMetaverse.Tests", "../libomv/OpenMetaverse.Tests/OpenMetaverse.Tests.csproj", "{5E0CE677-3ECD-4287-83D3-A8292ABF3485}"
EndProject
Project("{FAE04EC0-301F-11D3-BF4B-00C04F79EFBC}") = "OpenMetaverse.Rendering.Simple", "../libomv/OpenMetaverse.Rendering.Simple/OpenMetaverse.Rendering.Simple.csproj", "{376452EB-A3FF-425F-AAD3-3FA80EC0F538}"
EndProject
Project("{FAE04EC0-301F-11D3-BF4B-00C04F79EFBC}") = "AvatarPreview", "../libomv/Programs/AvatarPreview/AvatarPreview.csproj", "{1C0C37A5-B055-45FC-A85A-15C39F7DCB9E}"
EndProject
Project("{FAE04EC0-301F-11D3-BF4B-00C04F79EFBC}") = "OpenMetaverse.Utilities", "../libomv/OpenMetaverse.Utilities/OpenMetaverse.Utilities.csproj", "{9B024592-10F5-40FB-9BF7-43995F2A18EC}"
EndProject
Project("{FAE04EC0-301F-11D3-BF4B-00C04F79EFBC}") = "GridProxy", "../libomv/Programs/GridProxy/GridProxy.csproj", "{BAD6964F-C2E8-43A2-B294-53854182261E}"
EndProject
Project("{FAE04EC0-301F-11D3-BF4B-00C04F79EFBC}") = "Baker", "../libomv/Programs/Baker/Baker.csproj", "{60716DB6-2035-4C88-8C06-A2CEEB56FB33}"
EndProject
Project("{FAE04EC0-301F-11D3-BF4B-00C04F79EFBC}") = "mapgenerator", "../libomv/Programs/mapgenerator/mapgenerator.csproj", "{EA4A23C7-8C98-45B0-97E0-0FE68A455661}"
EndProject
Project("{FAE04EC0-301F-11D3-BF4B-00C04F79EFBC}") = "VisualParamGenerator", "../libomv/Programs/VisualParamGenerator/VisualParamGenerator.csproj", "{994589BC-92E7-4892-83A0-F0B27EB06A06}"
EndProject
Project("{FAE04EC0-301F-11D3-BF4B-00C04F79EFBC}") = "TestClient", "../libomv/Programs/examples/TestClient/TestClient.csproj", "{173E6CA7-2272-4373-A2DF-472E61DD7CDF}"
EndProject
Project("{FAE04EC0-301F-11D3-BF4B-00C04F79EFBC}") = "OpenMetaverse.GUI", "../libomv/OpenMetaverse.GUI/OpenMetaverse.GUI.csproj", "{4FAFDE16-BDB6-447F-815D-76FA19D77D2C}"
EndProject
Project("{FAE04EC0-301F-11D3-BF4B-00C04F79EFBC}") = "VoiceTest", "../libomv/Programs/VoiceTest/VoiceTest.csproj", "{EABF4162-6023-4230-B43E-669E6570182C}"
EndProject
Project("{FAE04EC0-301F-11D3-BF4B-00C04F79EFBC}") = "OpenMetaverse", "../libomv/OpenMetaverse/OpenMetaverse.csproj", "{3FE41028-42FB-42A3-A05F-376A3F9AB327}"
EndProject
Project("{FAE04EC0-301F-11D3-BF4B-00C04F79EFBC}") = "WinGridProxy", "../libomv/Programs/WinGridProxy/WinGridProxy.csproj", "{5373044F-6CC3-42AA-A795-72CC4C9AB5BD}"
EndProject
Project("{FAE04EC0-301F-11D3-BF4B-00C04F79EFBC}") = "Heightmap", "../libomv/Programs/examples/Heightmap/Heightmap.csproj", "{8D86FF73-DAE9-4412-B04D-5AB525336231}"
EndProject
Global
	GlobalSection(SolutionConfigurationPlatforms) = preSolution
		Release|Any CPU = Release|Any CPU
		Debug|Any CPU = Debug|Any CPU
	EndGlobalSection
	GlobalSection(ProjectConfigurationPlatforms) = postSolution
		{CE78738A-83F7-4155-9D2A-4645FA3D859F}.Release|Any CPU.ActiveCfg = Release|Any CPU
		{CE78738A-83F7-4155-9D2A-4645FA3D859F}.Release|Any CPU.Build.0 = Release|Any CPU
		{CE78738A-83F7-4155-9D2A-4645FA3D859F}.Debug|Any CPU.ActiveCfg = Debug|Any CPU
		{CE78738A-83F7-4155-9D2A-4645FA3D859F}.Debug|Any CPU.Build.0 = Debug|Any CPU
		{CF000F5D-276C-4C71-B567-ECDF8B314216}.Release|Any CPU.ActiveCfg = Release|Any CPU
		{CF000F5D-276C-4C71-B567-ECDF8B314216}.Release|Any CPU.Build.0 = Release|Any CPU
		{CF000F5D-276C-4C71-B567-ECDF8B314216}.Debug|Any CPU.ActiveCfg = Debug|Any CPU
		{CF000F5D-276C-4C71-B567-ECDF8B314216}.Debug|Any CPU.Build.0 = Debug|Any CPU
		{6ED91328-63BC-4145-8B46-8E18AB032462}.Release|Any CPU.ActiveCfg = Release|Any CPU
		{6ED91328-63BC-4145-8B46-8E18AB032462}.Release|Any CPU.Build.0 = Release|Any CPU
		{6ED91328-63BC-4145-8B46-8E18AB032462}.Debug|Any CPU.ActiveCfg = Debug|Any CPU
		{6ED91328-63BC-4145-8B46-8E18AB032462}.Debug|Any CPU.Build.0 = Debug|Any CPU
		{B78FA50D-5F7B-4A28-B598-30046558F66C}.Release|Any CPU.ActiveCfg = Release|Any CPU
		{B78FA50D-5F7B-4A28-B598-30046558F66C}.Release|Any CPU.Build.0 = Release|Any CPU
		{B78FA50D-5F7B-4A28-B598-30046558F66C}.Debug|Any CPU.ActiveCfg = Debug|Any CPU
		{B78FA50D-5F7B-4A28-B598-30046558F66C}.Debug|Any CPU.Build.0 = Debug|Any CPU
		{BD3FBB59-42A5-4160-907E-6B63B6534A57}.Release|Any CPU.ActiveCfg = Release|Any CPU
		{BD3FBB59-42A5-4160-907E-6B63B6534A57}.Release|Any CPU.Build.0 = Release|Any CPU
		{BD3FBB59-42A5-4160-907E-6B63B6534A57}.Debug|Any CPU.ActiveCfg = Debug|Any CPU
		{BD3FBB59-42A5-4160-907E-6B63B6534A57}.Debug|Any CPU.Build.0 = Debug|Any CPU
		{2D0B3CDB-387D-4357-8AAB-517496998B52}.Release|Any CPU.ActiveCfg = Release|Any CPU
		{2D0B3CDB-387D-4357-8AAB-517496998B52}.Release|Any CPU.Build.0 = Release|Any CPU
		{2D0B3CDB-387D-4357-8AAB-517496998B52}.Debug|Any CPU.ActiveCfg = Debug|Any CPU
		{2D0B3CDB-387D-4357-8AAB-517496998B52}.Debug|Any CPU.Build.0 = Debug|Any CPU
		{1BB4F693-8DB4-4F8E-ADCA-46A56C908C64}.Release|Any CPU.ActiveCfg = Release|Any CPU
		{1BB4F693-8DB4-4F8E-ADCA-46A56C908C64}.Release|Any CPU.Build.0 = Release|Any CPU
		{1BB4F693-8DB4-4F8E-ADCA-46A56C908C64}.Debug|Any CPU.ActiveCfg = Debug|Any CPU
		{1BB4F693-8DB4-4F8E-ADCA-46A56C908C64}.Debug|Any CPU.Build.0 = Debug|Any CPU
		{AD8F26C0-7423-4AED-8A27-3DF510CBCFD8}.Release|Any CPU.ActiveCfg = Release|Any CPU
		{AD8F26C0-7423-4AED-8A27-3DF510CBCFD8}.Release|Any CPU.Build.0 = Release|Any CPU
		{AD8F26C0-7423-4AED-8A27-3DF510CBCFD8}.Debug|Any CPU.ActiveCfg = Debug|Any CPU
		{AD8F26C0-7423-4AED-8A27-3DF510CBCFD8}.Debug|Any CPU.Build.0 = Debug|Any CPU
		{710DC9A1-D08A-49F5-89E1-AE7D68F6B98C}.Release|Any CPU.ActiveCfg = Release|Any CPU
		{710DC9A1-D08A-49F5-89E1-AE7D68F6B98C}.Release|Any CPU.Build.0 = Release|Any CPU
		{710DC9A1-D08A-49F5-89E1-AE7D68F6B98C}.Debug|Any CPU.ActiveCfg = Debug|Any CPU
		{710DC9A1-D08A-49F5-89E1-AE7D68F6B98C}.Debug|Any CPU.Build.0 = Debug|Any CPU
		{D4B21313-8FCC-413B-BD74-464F6EE92046}.Release|Any CPU.ActiveCfg = Release|Any CPU
		{D4B21313-8FCC-413B-BD74-464F6EE92046}.Release|Any CPU.Build.0 = Release|Any CPU
		{D4B21313-8FCC-413B-BD74-464F6EE92046}.Debug|Any CPU.ActiveCfg = Debug|Any CPU
		{D4B21313-8FCC-413B-BD74-464F6EE92046}.Debug|Any CPU.Build.0 = Debug|Any CPU
		{338E15EF-83DF-434E-89A5-C657B7293717}.Release|Any CPU.ActiveCfg = Release|Any CPU
		{338E15EF-83DF-434E-89A5-C657B7293717}.Release|Any CPU.Build.0 = Release|Any CPU
		{338E15EF-83DF-434E-89A5-C657B7293717}.Debug|Any CPU.ActiveCfg = Debug|Any CPU
		{338E15EF-83DF-434E-89A5-C657B7293717}.Debug|Any CPU.Build.0 = Debug|Any CPU
		{DD43DB4A-26A5-4A71-9866-15BE642758DE}.Release|Any CPU.ActiveCfg = Release|Any CPU
		{DD43DB4A-26A5-4A71-9866-15BE642758DE}.Release|Any CPU.Build.0 = Release|Any CPU
		{DD43DB4A-26A5-4A71-9866-15BE642758DE}.Debug|Any CPU.ActiveCfg = Debug|Any CPU
		{DD43DB4A-26A5-4A71-9866-15BE642758DE}.Debug|Any CPU.Build.0 = Debug|Any CPU
		{A6D14E57-E4BB-4A93-88A7-6EF32EEA2FB3}.Release|Any CPU.ActiveCfg = Release|Any CPU
		{A6D14E57-E4BB-4A93-88A7-6EF32EEA2FB3}.Release|Any CPU.Build.0 = Release|Any CPU
		{A6D14E57-E4BB-4A93-88A7-6EF32EEA2FB3}.Debug|Any CPU.ActiveCfg = Debug|Any CPU
		{A6D14E57-E4BB-4A93-88A7-6EF32EEA2FB3}.Debug|Any CPU.Build.0 = Debug|Any CPU
		{E611FD76-C358-477E-AF29-165839D50529}.Release|Any CPU.ActiveCfg = Release|Any CPU
		{E611FD76-C358-477E-AF29-165839D50529}.Release|Any CPU.Build.0 = Release|Any CPU
		{E611FD76-C358-477E-AF29-165839D50529}.Debug|Any CPU.ActiveCfg = Debug|Any CPU
		{E611FD76-C358-477E-AF29-165839D50529}.Debug|Any CPU.Build.0 = Debug|Any CPU
		{455E7D70-1C85-4D7F-9F01-DC801B8B8C34}.Release|Any CPU.ActiveCfg = Release|Any CPU
		{455E7D70-1C85-4D7F-9F01-DC801B8B8C34}.Release|Any CPU.Build.0 = Release|Any CPU
		{455E7D70-1C85-4D7F-9F01-DC801B8B8C34}.Debug|Any CPU.ActiveCfg = Debug|Any CPU
		{455E7D70-1C85-4D7F-9F01-DC801B8B8C34}.Debug|Any CPU.Build.0 = Debug|Any CPU
		{5E0CE677-3ECD-4287-83D3-A8292ABF3485}.Release|Any CPU.ActiveCfg = Release|Any CPU
		{5E0CE677-3ECD-4287-83D3-A8292ABF3485}.Release|Any CPU.Build.0 = Release|Any CPU
		{5E0CE677-3ECD-4287-83D3-A8292ABF3485}.Debug|Any CPU.ActiveCfg = Debug|Any CPU
		{5E0CE677-3ECD-4287-83D3-A8292ABF3485}.Debug|Any CPU.Build.0 = Debug|Any CPU
		{376452EB-A3FF-425F-AAD3-3FA80EC0F538}.Release|Any CPU.ActiveCfg = Release|Any CPU
		{376452EB-A3FF-425F-AAD3-3FA80EC0F538}.Release|Any CPU.Build.0 = Release|Any CPU
		{376452EB-A3FF-425F-AAD3-3FA80EC0F538}.Debug|Any CPU.ActiveCfg = Debug|Any CPU
		{376452EB-A3FF-425F-AAD3-3FA80EC0F538}.Debug|Any CPU.Build.0 = Debug|Any CPU
		{1C0C37A5-B055-45FC-A85A-15C39F7DCB9E}.Release|Any CPU.ActiveCfg = Release|Any CPU
		{1C0C37A5-B055-45FC-A85A-15C39F7DCB9E}.Release|Any CPU.Build.0 = Release|Any CPU
		{1C0C37A5-B055-45FC-A85A-15C39F7DCB9E}.Debug|Any CPU.ActiveCfg = Debug|Any CPU
		{1C0C37A5-B055-45FC-A85A-15C39F7DCB9E}.Debug|Any CPU.Build.0 = Debug|Any CPU
		{9B024592-10F5-40FB-9BF7-43995F2A18EC}.Release|Any CPU.ActiveCfg = Release|Any CPU
		{9B024592-10F5-40FB-9BF7-43995F2A18EC}.Release|Any CPU.Build.0 = Release|Any CPU
		{9B024592-10F5-40FB-9BF7-43995F2A18EC}.Debug|Any CPU.ActiveCfg = Debug|Any CPU
		{9B024592-10F5-40FB-9BF7-43995F2A18EC}.Debug|Any CPU.Build.0 = Debug|Any CPU
		{BAD6964F-C2E8-43A2-B294-53854182261E}.Release|Any CPU.ActiveCfg = Release|Any CPU
		{BAD6964F-C2E8-43A2-B294-53854182261E}.Release|Any CPU.Build.0 = Release|Any CPU
		{BAD6964F-C2E8-43A2-B294-53854182261E}.Debug|Any CPU.ActiveCfg = Debug|Any CPU
		{BAD6964F-C2E8-43A2-B294-53854182261E}.Debug|Any CPU.Build.0 = Debug|Any CPU
		{60716DB6-2035-4C88-8C06-A2CEEB56FB33}.Release|Any CPU.ActiveCfg = Release|Any CPU
		{60716DB6-2035-4C88-8C06-A2CEEB56FB33}.Release|Any CPU.Build.0 = Release|Any CPU
		{60716DB6-2035-4C88-8C06-A2CEEB56FB33}.Debug|Any CPU.ActiveCfg = Debug|Any CPU
		{60716DB6-2035-4C88-8C06-A2CEEB56FB33}.Debug|Any CPU.Build.0 = Debug|Any CPU
		{EA4A23C7-8C98-45B0-97E0-0FE68A455661}.Release|Any CPU.ActiveCfg = Release|Any CPU
		{EA4A23C7-8C98-45B0-97E0-0FE68A455661}.Release|Any CPU.Build.0 = Release|Any CPU
		{EA4A23C7-8C98-45B0-97E0-0FE68A455661}.Debug|Any CPU.ActiveCfg = Debug|Any CPU
		{EA4A23C7-8C98-45B0-97E0-0FE68A455661}.Debug|Any CPU.Build.0 = Debug|Any CPU
		{994589BC-92E7-4892-83A0-F0B27EB06A06}.Release|Any CPU.ActiveCfg = Release|Any CPU
		{994589BC-92E7-4892-83A0-F0B27EB06A06}.Release|Any CPU.Build.0 = Release|Any CPU
		{994589BC-92E7-4892-83A0-F0B27EB06A06}.Debug|Any CPU.ActiveCfg = Debug|Any CPU
		{994589BC-92E7-4892-83A0-F0B27EB06A06}.Debug|Any CPU.Build.0 = Debug|Any CPU
		{173E6CA7-2272-4373-A2DF-472E61DD7CDF}.Release|Any CPU.ActiveCfg = Release|Any CPU
		{173E6CA7-2272-4373-A2DF-472E61DD7CDF}.Release|Any CPU.Build.0 = Release|Any CPU
		{173E6CA7-2272-4373-A2DF-472E61DD7CDF}.Debug|Any CPU.ActiveCfg = Debug|Any CPU
		{173E6CA7-2272-4373-A2DF-472E61DD7CDF}.Debug|Any CPU.Build.0 = Debug|Any CPU
		{4FAFDE16-BDB6-447F-815D-76FA19D77D2C}.Release|Any CPU.ActiveCfg = Release|Any CPU
		{4FAFDE16-BDB6-447F-815D-76FA19D77D2C}.Release|Any CPU.Build.0 = Release|Any CPU
		{4FAFDE16-BDB6-447F-815D-76FA19D77D2C}.Debug|Any CPU.ActiveCfg = Debug|Any CPU
		{4FAFDE16-BDB6-447F-815D-76FA19D77D2C}.Debug|Any CPU.Build.0 = Debug|Any CPU
		{EABF4162-6023-4230-B43E-669E6570182C}.Release|Any CPU.ActiveCfg = Release|Any CPU
		{EABF4162-6023-4230-B43E-669E6570182C}.Release|Any CPU.Build.0 = Release|Any CPU
		{EABF4162-6023-4230-B43E-669E6570182C}.Debug|Any CPU.ActiveCfg = Debug|Any CPU
		{EABF4162-6023-4230-B43E-669E6570182C}.Debug|Any CPU.Build.0 = Debug|Any CPU
		{3FE41028-42FB-42A3-A05F-376A3F9AB327}.Release|Any CPU.ActiveCfg = Release|Any CPU
		{3FE41028-42FB-42A3-A05F-376A3F9AB327}.Release|Any CPU.Build.0 = Release|Any CPU
		{3FE41028-42FB-42A3-A05F-376A3F9AB327}.Debug|Any CPU.ActiveCfg = Debug|Any CPU
		{3FE41028-42FB-42A3-A05F-376A3F9AB327}.Debug|Any CPU.Build.0 = Debug|Any CPU
		{5373044F-6CC3-42AA-A795-72CC4C9AB5BD}.Release|Any CPU.ActiveCfg = Release|Any CPU
		{5373044F-6CC3-42AA-A795-72CC4C9AB5BD}.Release|Any CPU.Build.0 = Release|Any CPU
		{5373044F-6CC3-42AA-A795-72CC4C9AB5BD}.Debug|Any CPU.ActiveCfg = Debug|Any CPU
		{5373044F-6CC3-42AA-A795-72CC4C9AB5BD}.Debug|Any CPU.Build.0 = Debug|Any CPU
		{8D86FF73-DAE9-4412-B04D-5AB525336231}.Release|Any CPU.ActiveCfg = Release|Any CPU
		{8D86FF73-DAE9-4412-B04D-5AB525336231}.Release|Any CPU.Build.0 = Release|Any CPU
		{8D86FF73-DAE9-4412-B04D-5AB525336231}.Debug|Any CPU.ActiveCfg = Debug|Any CPU
		{8D86FF73-DAE9-4412-B04D-5AB525336231}.Debug|Any CPU.Build.0 = Debug|Any CPU
	EndGlobalSection
EndGlobal
